
Microsoft Visual Studio Solution File, Format Version 12.00
# Visual Studio Version 16
VisualStudioVersion = 16.0.30204.135
MinimumVisualStudioVersion = 10.0.40219.1
Project("{FAE04EC0-301F-11D3-BF4B-00C04F79EFBC}") = "EXO MES Module", "EXO MES Module.csproj", "{25A13D6C-A03B-4E27-BD38-B8616880894B}"
EndProject
Project("{54435603-DBB4-11D2-8724-00A0C9A8B90C}") = "MES", "..\MES\MES.vdproj", "{603BABEE-DD74-4F38-9E72-9FBB987D07D4}"
EndProject
Global
	GlobalSection(SolutionConfigurationPlatforms) = preSolution
		Debug|Any CPU = Debug|Any CPU
		Debug|ARM = Debug|ARM
		Debug|ARM64 = Debug|ARM64
		Debug|x64 = Debug|x64
		Debug|x86 = Debug|x86
		Release|Any CPU = Release|Any CPU
		Release|ARM = Release|ARM
		Release|ARM64 = Release|ARM64
		Release|x64 = Release|x64
		Release|x86 = Release|x86
	EndGlobalSection
	GlobalSection(ProjectConfigurationPlatforms) = postSolution
		{25A13D6C-A03B-4E27-BD38-B8616880894B}.Debug|Any CPU.ActiveCfg = Debug|Any CPU
		{25A13D6C-A03B-4E27-BD38-B8616880894B}.Debug|Any CPU.Build.0 = Debug|Any CPU
		{25A13D6C-A03B-4E27-BD38-B8616880894B}.Debug|ARM.ActiveCfg = Debug|Any CPU
		{25A13D6C-A03B-4E27-BD38-B8616880894B}.Debug|ARM.Build.0 = Debug|Any CPU
		{25A13D6C-A03B-4E27-BD38-B8616880894B}.Debug|ARM64.ActiveCfg = Debug|Any CPU
		{25A13D6C-A03B-4E27-BD38-B8616880894B}.Debug|ARM64.Build.0 = Debug|Any CPU
		{25A13D6C-A03B-4E27-BD38-B8616880894B}.Debug|x64.ActiveCfg = Debug|Any CPU
		{25A13D6C-A03B-4E27-BD38-B8616880894B}.Debug|x64.Build.0 = Debug|Any CPU
		{25A13D6C-A03B-4E27-BD38-B8616880894B}.Debug|x86.ActiveCfg = Debug|Any CPU
		{25A13D6C-A03B-4E27-BD38-B8616880894B}.Debug|x86.Build.0 = Debug|Any CPU
		{25A13D6C-A03B-4E27-BD38-B8616880894B}.Release|Any CPU.ActiveCfg = Release|Any CPU
		{25A13D6C-A03B-4E27-BD38-B8616880894B}.Release|Any CPU.Build.0 = Release|Any CPU
		{25A13D6C-A03B-4E27-BD38-B8616880894B}.Release|ARM.ActiveCfg = Release|Any CPU
		{25A13D6C-A03B-4E27-BD38-B8616880894B}.Release|ARM.Build.0 = Release|Any CPU
		{25A13D6C-A03B-4E27-BD38-B8616880894B}.Release|ARM64.ActiveCfg = Release|Any CPU
		{25A13D6C-A03B-4E27-BD38-B8616880894B}.Release|ARM64.Build.0 = Release|Any CPU
		{25A13D6C-A03B-4E27-BD38-B8616880894B}.Release|x64.ActiveCfg = Release|Any CPU
		{25A13D6C-A03B-4E27-BD38-B8616880894B}.Release|x64.Build.0 = Release|Any CPU
		{25A13D6C-A03B-4E27-BD38-B8616880894B}.Release|x86.ActiveCfg = Release|Any CPU
		{25A13D6C-A03B-4E27-BD38-B8616880894B}.Release|x86.Build.0 = Release|Any CPU
		{603BABEE-DD74-4F38-9E72-9FBB987D07D4}.Debug|Any CPU.ActiveCfg = Debug
		{603BABEE-DD74-4F38-9E72-9FBB987D07D4}.Debug|ARM.ActiveCfg = Debug
		{603BABEE-DD74-4F38-9E72-9FBB987D07D4}.Debug|ARM64.ActiveCfg = Debug
		{603BABEE-DD74-4F38-9E72-9FBB987D07D4}.Debug|x64.ActiveCfg = Debug
		{603BABEE-DD74-4F38-9E72-9FBB987D07D4}.Debug|x86.ActiveCfg = Debug
		{603BABEE-DD74-4F38-9E72-9FBB987D07D4}.Release|Any CPU.ActiveCfg = Release
		{603BABEE-DD74-4F38-9E72-9FBB987D07D4}.Release|ARM.ActiveCfg = Release
		{603BABEE-DD74-4F38-9E72-9FBB987D07D4}.Release|ARM64.ActiveCfg = Release
		{603BABEE-DD74-4F38-9E72-9FBB987D07D4}.Release|x64.ActiveCfg = Release
		{603BABEE-DD74-4F38-9E72-9FBB987D07D4}.Release|x86.ActiveCfg = Release
	EndGlobalSection
	GlobalSection(SolutionProperties) = preSolution
		HideSolutionNode = FALSE
	EndGlobalSection
	GlobalSection(ExtensibilityGlobals) = postSolution
		SolutionGuid = {DEB714CA-3871-40E9-B7A5-CE9C6C8E85FA}
	EndGlobalSection
EndGlobal
